
Microsoft Visual Studio Solution File, Format Version 12.00
# Visual Studio Version 17
VisualStudioVersion = 17.12.35521.163
MinimumVisualStudioVersion = 10.0.40219.1
Project("{FAE04EC0-301F-11D3-BF4B-00C04F79EFBC}") = "PersonalWebApi", "PersonalWebApi.csproj", "{1431B26A-695F-4F82-A687-5B863CC9F13C}"
EndProject
Project("{2150E333-8FDC-42A3-9474-1A3956D46DE8}") = "Solution Items", "Solution Items", "{D352E2E4-A1B2-45E0-B7E3-509E12A4169F}"
	ProjectSection(SolutionItems) = preProject
		nlogsettings.json = nlogsettings.json
	EndProjectSection
EndProject
Global
	GlobalSection(SolutionConfigurationPlatforms) = preSolution
		Debug|Any CPU = Debug|Any CPU
		Release|Any CPU = Release|Any CPU
	EndGlobalSection
	GlobalSection(ProjectConfigurationPlatforms) = postSolution
		{1431B26A-695F-4F82-A687-5B863CC9F13C}.Debug|Any CPU.ActiveCfg = Debug|Any CPU
		{1431B26A-695F-4F82-A687-5B863CC9F13C}.Debug|Any CPU.Build.0 = Debug|Any CPU
		{1431B26A-695F-4F82-A687-5B863CC9F13C}.Release|Any CPU.ActiveCfg = Release|Any CPU
		{1431B26A-695F-4F82-A687-5B863CC9F13C}.Release|Any CPU.Build.0 = Release|Any CPU
	EndGlobalSection
	GlobalSection(SolutionProperties) = preSolution
		HideSolutionNode = FALSE
	EndGlobalSection
EndGlobal
